
Microsoft Visual Studio Solution File, Format Version 12.00
# Visual Studio 15
VisualStudioVersion = 15.0.27004.2005
MinimumVisualStudioVersion = 10.0.40219.1
Project("{FAE04EC0-301F-11D3-BF4B-00C04F79EFBC}") = "DocumentFormat.OpenXml.VariableReplacer", "DocumentFormat.OpenXml.VariableReplacer\DocumentFormat.OpenXml.VariableReplacer.csproj", "{C85FFE59-4D4E-4291-9D77-427E18508889}"
EndProject
Project("{9A19103F-16F7-4668-BE54-9A1E7A4F7556}") = "DocumentFormat.OpenXml.VariableReplacer.Core", "DocumentFormat.OpenXml.VariableReplacer.Core\DocumentFormat.OpenXml.VariableReplacer.Core.csproj", "{724E5805-B08C-4B8B-A5B4-4C868AB95D6E}"
EndProject
Global
	GlobalSection(SolutionConfigurationPlatforms) = preSolution
		Debug|Any CPU = Debug|Any CPU
		Release|Any CPU = Release|Any CPU
	EndGlobalSection
	GlobalSection(ProjectConfigurationPlatforms) = postSolution
		{C85FFE59-4D4E-4291-9D77-427E18508889}.Debug|Any CPU.ActiveCfg = Debug|Any CPU
		{C85FFE59-4D4E-4291-9D77-427E18508889}.Debug|Any CPU.Build.0 = Debug|Any CPU
		{C85FFE59-4D4E-4291-9D77-427E18508889}.Release|Any CPU.ActiveCfg = Release|Any CPU
		{C85FFE59-4D4E-4291-9D77-427E18508889}.Release|Any CPU.Build.0 = Release|Any CPU
		{724E5805-B08C-4B8B-A5B4-4C868AB95D6E}.Debug|Any CPU.ActiveCfg = Debug|Any CPU
		{724E5805-B08C-4B8B-A5B4-4C868AB95D6E}.Debug|Any CPU.Build.0 = Debug|Any CPU
		{724E5805-B08C-4B8B-A5B4-4C868AB95D6E}.Release|Any CPU.ActiveCfg = Release|Any CPU
		{724E5805-B08C-4B8B-A5B4-4C868AB95D6E}.Release|Any CPU.Build.0 = Release|Any CPU
	EndGlobalSection
	GlobalSection(SolutionProperties) = preSolution
		HideSolutionNode = FALSE
	EndGlobalSection
	GlobalSection(ExtensibilityGlobals) = postSolution
		SolutionGuid = {5C5D05DC-E296-4643-B395-1F0B3FE6DF93}
	EndGlobalSection
EndGlobal
